
Microsoft Visual Studio Solution File, Format Version 12.00
# Visual Studio Version 17
VisualStudioVersion = 17.2.32602.215
MinimumVisualStudioVersion = 10.0.40219.1
Project("{9A19103F-16F7-4668-BE54-9A1E7A4F7556}") = "BankAccount", "BankAccount\BankAccount.csproj", "{9AABC46C-BCFC-4C5E-B8FA-8096085549FC}"
EndProject
Project("{FAE04EC0-301F-11D3-BF4B-00C04F79EFBC}") = "BankLibrary", "BankLibrary\BankLibrary.csproj", "{28F41E94-A437-4333-B055-CF6C5D6E2E32}"
EndProject
Global
	GlobalSection(SolutionConfigurationPlatforms) = preSolution
		Debug|Any CPU = Debug|Any CPU
		Release|Any CPU = Release|Any CPU
	EndGlobalSection
	GlobalSection(ProjectConfigurationPlatforms) = postSolution
		{9AABC46C-BCFC-4C5E-B8FA-8096085549FC}.Debug|Any CPU.ActiveCfg = Debug|Any CPU
		{9AABC46C-BCFC-4C5E-B8FA-8096085549FC}.Debug|Any CPU.Build.0 = Debug|Any CPU
		{9AABC46C-BCFC-4C5E-B8FA-8096085549FC}.Release|Any CPU.ActiveCfg = Release|Any CPU
		{9AABC46C-BCFC-4C5E-B8FA-8096085549FC}.Release|Any CPU.Build.0 = Release|Any CPU
		{28F41E94-A437-4333-B055-CF6C5D6E2E32}.Debug|Any CPU.ActiveCfg = Debug|Any CPU
		{28F41E94-A437-4333-B055-CF6C5D6E2E32}.Debug|Any CPU.Build.0 = Debug|Any CPU
		{28F41E94-A437-4333-B055-CF6C5D6E2E32}.Release|Any CPU.ActiveCfg = Release|Any CPU
		{28F41E94-A437-4333-B055-CF6C5D6E2E32}.Release|Any CPU.Build.0 = Release|Any CPU
	EndGlobalSection
	GlobalSection(SolutionProperties) = preSolution
		HideSolutionNode = FALSE
	EndGlobalSection
	GlobalSection(ExtensibilityGlobals) = postSolution
		SolutionGuid = {A133936F-F366-4B3C-B093-1E8092414CDD}
	EndGlobalSection
EndGlobal
